
Microsoft Visual Studio Solution File, Format Version 12.00
# Visual Studio 2013
VisualStudioVersion = 12.0.31101.0
MinimumVisualStudioVersion = 10.0.40219.1
Project("{2150E333-8FDC-42A3-9474-1A3956D46DE8}") = "BLL", "BLL", "{DF2038FF-820E-4ADD-8FB7-D60175A3848C}"
EndProject
Project("{FAE04EC0-301F-11D3-BF4B-00C04F79EFBC}") = "BLLService", "BLLService\BLLService.csproj", "{494D3E44-C43D-4400-AB5D-718EA521A529}"
EndProject
Project("{FAE04EC0-301F-11D3-BF4B-00C04F79EFBC}") = "InterfaceBLLService", "InterfaceBLLService\InterfaceBLLService.csproj", "{C60954F7-46E1-4A65-A8CD-8FAB3D3F13F1}"
EndProject
Project("{2150E333-8FDC-42A3-9474-1A3956D46DE8}") = "DAL", "DAL", "{99A095C5-A4F0-4234-ACA0-C4362477525A}"
EndProject
Project("{FAE04EC0-301F-11D3-BF4B-00C04F79EFBC}") = "InterfaceDALRepository", "InterfaceDALRepository\InterfaceDALRepository.csproj", "{2EE77556-71B0-429B-95E1-75A659EC3476}"
EndProject
Project("{FAE04EC0-301F-11D3-BF4B-00C04F79EFBC}") = "DALRepository", "DALRepository\DALRepository.csproj", "{D5C722D9-672E-4F5C-A0DE-A8E4BDC701C2}"
EndProject
Project("{2150E333-8FDC-42A3-9474-1A3956D46DE8}") = "UI", "UI", "{5FC6B38C-63C8-4702-AE61-7C2E40AD7BFA}"
EndProject
Project("{FAE04EC0-301F-11D3-BF4B-00C04F79EFBC}") = "MVCDemoUI", "MVCDemoUI\MVCDemoUI.csproj", "{25A569C7-6234-40D0-A645-1A1330177A54}"
EndProject
Project("{2150E333-8FDC-42A3-9474-1A3956D46DE8}") = "Models", "Models", "{A926A4BD-563C-43CD-A0E4-550FF5C8FA6D}"
EndProject
Project("{FAE04EC0-301F-11D3-BF4B-00C04F79EFBC}") = "Models", "Models\Models.csproj", "{F9EB3E5D-8FE6-4D4F-8BF5-7709608E29A5}"
EndProject
Project("{2150E333-8FDC-42A3-9474-1A3956D46DE8}") = "ProjectTest", "ProjectTest", "{355A6E38-F51C-4B0A-8B9D-8B8DE2312A6F}"
EndProject
Project("{FAE04EC0-301F-11D3-BF4B-00C04F79EFBC}") = "MvcDemoUnitTestProject", "MvcDemoUnitTestProject\MvcDemoUnitTestProject.csproj", "{5333266F-F884-4C80-B06C-7A90726BAB78}"
EndProject
Global
	GlobalSection(SolutionConfigurationPlatforms) = preSolution
		Debug|Any CPU = Debug|Any CPU
		Release|Any CPU = Release|Any CPU
	EndGlobalSection
	GlobalSection(ProjectConfigurationPlatforms) = postSolution
		{494D3E44-C43D-4400-AB5D-718EA521A529}.Debug|Any CPU.ActiveCfg = Debug|Any CPU
		{494D3E44-C43D-4400-AB5D-718EA521A529}.Debug|Any CPU.Build.0 = Debug|Any CPU
		{494D3E44-C43D-4400-AB5D-718EA521A529}.Release|Any CPU.ActiveCfg = Release|Any CPU
		{494D3E44-C43D-4400-AB5D-718EA521A529}.Release|Any CPU.Build.0 = Release|Any CPU
		{C60954F7-46E1-4A65-A8CD-8FAB3D3F13F1}.Debug|Any CPU.ActiveCfg = Debug|Any CPU
		{C60954F7-46E1-4A65-A8CD-8FAB3D3F13F1}.Debug|Any CPU.Build.0 = Debug|Any CPU
		{C60954F7-46E1-4A65-A8CD-8FAB3D3F13F1}.Release|Any CPU.ActiveCfg = Release|Any CPU
		{C60954F7-46E1-4A65-A8CD-8FAB3D3F13F1}.Release|Any CPU.Build.0 = Release|Any CPU
		{2EE77556-71B0-429B-95E1-75A659EC3476}.Debug|Any CPU.ActiveCfg = Debug|Any CPU
		{2EE77556-71B0-429B-95E1-75A659EC3476}.Debug|Any CPU.Build.0 = Debug|Any CPU
		{2EE77556-71B0-429B-95E1-75A659EC3476}.Release|Any CPU.ActiveCfg = Release|Any CPU
		{2EE77556-71B0-429B-95E1-75A659EC3476}.Release|Any CPU.Build.0 = Release|Any CPU
		{D5C722D9-672E-4F5C-A0DE-A8E4BDC701C2}.Debug|Any CPU.ActiveCfg = Debug|Any CPU
		{D5C722D9-672E-4F5C-A0DE-A8E4BDC701C2}.Debug|Any CPU.Build.0 = Debug|Any CPU
		{D5C722D9-672E-4F5C-A0DE-A8E4BDC701C2}.Release|Any CPU.ActiveCfg = Release|Any CPU
		{D5C722D9-672E-4F5C-A0DE-A8E4BDC701C2}.Release|Any CPU.Build.0 = Release|Any CPU
		{25A569C7-6234-40D0-A645-1A1330177A54}.Debug|Any CPU.ActiveCfg = Debug|Any CPU
		{25A569C7-6234-40D0-A645-1A1330177A54}.Debug|Any CPU.Build.0 = Debug|Any CPU
		{25A569C7-6234-40D0-A645-1A1330177A54}.Release|Any CPU.ActiveCfg = Release|Any CPU
		{25A569C7-6234-40D0-A645-1A1330177A54}.Release|Any CPU.Build.0 = Release|Any CPU
		{F9EB3E5D-8FE6-4D4F-8BF5-7709608E29A5}.Debug|Any CPU.ActiveCfg = Debug|Any CPU
		{F9EB3E5D-8FE6-4D4F-8BF5-7709608E29A5}.Debug|Any CPU.Build.0 = Debug|Any CPU
		{F9EB3E5D-8FE6-4D4F-8BF5-7709608E29A5}.Release|Any CPU.ActiveCfg = Release|Any CPU
		{F9EB3E5D-8FE6-4D4F-8BF5-7709608E29A5}.Release|Any CPU.Build.0 = Release|Any CPU
		{5333266F-F884-4C80-B06C-7A90726BAB78}.Debug|Any CPU.ActiveCfg = Debug|Any CPU
		{5333266F-F884-4C80-B06C-7A90726BAB78}.Debug|Any CPU.Build.0 = Debug|Any CPU
		{5333266F-F884-4C80-B06C-7A90726BAB78}.Release|Any CPU.ActiveCfg = Release|Any CPU
		{5333266F-F884-4C80-B06C-7A90726BAB78}.Release|Any CPU.Build.0 = Release|Any CPU
	EndGlobalSection
	GlobalSection(SolutionProperties) = preSolution
		HideSolutionNode = FALSE
	EndGlobalSection
	GlobalSection(NestedProjects) = preSolution
		{494D3E44-C43D-4400-AB5D-718EA521A529} = {DF2038FF-820E-4ADD-8FB7-D60175A3848C}
		{C60954F7-46E1-4A65-A8CD-8FAB3D3F13F1} = {DF2038FF-820E-4ADD-8FB7-D60175A3848C}
		{2EE77556-71B0-429B-95E1-75A659EC3476} = {99A095C5-A4F0-4234-ACA0-C4362477525A}
		{D5C722D9-672E-4F5C-A0DE-A8E4BDC701C2} = {99A095C5-A4F0-4234-ACA0-C4362477525A}
		{25A569C7-6234-40D0-A645-1A1330177A54} = {5FC6B38C-63C8-4702-AE61-7C2E40AD7BFA}
		{F9EB3E5D-8FE6-4D4F-8BF5-7709608E29A5} = {A926A4BD-563C-43CD-A0E4-550FF5C8FA6D}
		{5333266F-F884-4C80-B06C-7A90726BAB78} = {355A6E38-F51C-4B0A-8B9D-8B8DE2312A6F}
	EndGlobalSection
EndGlobal
